
Microsoft Visual Studio Solution File, Format Version 12.00
# Visual Studio Version 17
VisualStudioVersion = 17.8.34309.116
MinimumVisualStudioVersion = 10.0.40219.1
Project("{8BC9CEB8-8B4A-11D0-8D11-00A0C91BC942}") = "CProject1", "CProject1\CProject1.vcxproj", "{17030FFE-5EC6-4661-BF17-547710E72D8A}"
EndProject
Project("{8BC9CEB8-8B4A-11D0-8D11-00A0C91BC942}") = "CProject2", "CProject2\CProject2.vcxproj", "{C9BF0683-74A4-4899-AD13-1F1A9A1F4030}"
EndProject
Project("{8BC9CEB8-8B4A-11D0-8D11-00A0C91BC942}") = "CProject3", "CProject3\CProject3.vcxproj", "{06F3908C-1D7A-45B0-A4B4-306E76D96DBB}"
EndProject
Project("{8BC9CEB8-8B4A-11D0-8D11-00A0C91BC942}") = "CProject4", "CProject4\CProject4.vcxproj", "{FF734B1A-D92C-478C-AD7E-46FB3BA6DBF5}"
EndProject
Project("{8BC9CEB8-8B4A-11D0-8D11-00A0C91BC942}") = "CProject5", "CProject5\CProject5.vcxproj", "{70EC26A3-022E-49FE-8A59-C421D0F00BE7}"
EndProject
Project("{8BC9CEB8-8B4A-11D0-8D11-00A0C91BC942}") = "CProject6", "CProject6\CProject6.vcxproj", "{D721F4FA-EB5D-481C-8AB7-0AE849D2695A}"
EndProject
Project("{8BC9CEB8-8B4A-11D0-8D11-00A0C91BC942}") = "CProject7", "CProject7\CProject7.vcxproj", "{E8E57D57-4340-4761-BAC6-6D6E5DA6D3DD}"
EndProject
Project("{8BC9CEB8-8B4A-11D0-8D11-00A0C91BC942}") = "CProject8", "CProject8\CProject8.vcxproj", "{4966818F-433C-4460-9406-73D1FF372F8B}"
EndProject
Project("{8BC9CEB8-8B4A-11D0-8D11-00A0C91BC942}") = "CProject9", "CProject9\CProject9.vcxproj", "{11A72657-1639-4579-BC36-24D1DAB37297}"
EndProject
Project("{8BC9CEB8-8B4A-11D0-8D11-00A0C91BC942}") = "CProject10", "CProject10\CProject10.vcxproj", "{36F65065-E024-494B-AF38-CDFD139E900D}"
EndProject
Project("{8BC9CEB8-8B4A-11D0-8D11-00A0C91BC942}") = "CProject11", "CProject11\CProject11.vcxproj", "{B0268DC7-B5D2-4ADE-9E2F-D3A05100580A}"
EndProject
Project("{8BC9CEB8-8B4A-11D0-8D11-00A0C91BC942}") = "CProject12", "CProject12\CProject12.vcxproj", "{B290C133-D145-4457-B49E-F94DBB989694}"
EndProject
Project("{8BC9CEB8-8B4A-11D0-8D11-00A0C91BC942}") = "CProject13", "CProject13\CProject13.vcxproj", "{C5B79AD1-9565-4F07-94B5-D9BC92F8D6DA}"
EndProject
Project("{8BC9CEB8-8B4A-11D0-8D11-00A0C91BC942}") = "CProject14", "CProject14\CProject14.vcxproj", "{F2EF42FC-EC24-4884-9A08-2338B2660E65}"
EndProject
Global
	GlobalSection(SolutionConfigurationPlatforms) = preSolution
		Debug|x64 = Debug|x64
		Debug|x86 = Debug|x86
		Release|x64 = Release|x64
		Release|x86 = Release|x86
	EndGlobalSection
	GlobalSection(ProjectConfigurationPlatforms) = postSolution
		{17030FFE-5EC6-4661-BF17-547710E72D8A}.Debug|x64.ActiveCfg = Debug|x64
		{17030FFE-5EC6-4661-BF17-547710E72D8A}.Debug|x64.Build.0 = Debug|x64
		{17030FFE-5EC6-4661-BF17-547710E72D8A}.Debug|x86.ActiveCfg = Debug|Win32
		{17030FFE-5EC6-4661-BF17-547710E72D8A}.Debug|x86.Build.0 = Debug|Win32
		{17030FFE-5EC6-4661-BF17-547710E72D8A}.Release|x64.ActiveCfg = Release|x64
		{17030FFE-5EC6-4661-BF17-547710E72D8A}.Release|x64.Build.0 = Release|x64
		{17030FFE-5EC6-4661-BF17-547710E72D8A}.Release|x86.ActiveCfg = Release|Win32
		{17030FFE-5EC6-4661-BF17-547710E72D8A}.Release|x86.Build.0 = Release|Win32
		{C9BF0683-74A4-4899-AD13-1F1A9A1F4030}.Debug|x64.ActiveCfg = Debug|x64
		{C9BF0683-74A4-4899-AD13-1F1A9A1F4030}.Debug|x64.Build.0 = Debug|x64
		{C9BF0683-74A4-4899-AD13-1F1A9A1F4030}.Debug|x86.ActiveCfg = Debug|Win32
		{C9BF0683-74A4-4899-AD13-1F1A9A1F4030}.Debug|x86.Build.0 = Debug|Win32
		{C9BF0683-74A4-4899-AD13-1F1A9A1F4030}.Release|x64.ActiveCfg = Release|x64
		{C9BF0683-74A4-4899-AD13-1F1A9A1F4030}.Release|x64.Build.0 = Release|x64
		{C9BF0683-74A4-4899-AD13-1F1A9A1F4030}.Release|x86.ActiveCfg = Release|Win32
		{C9BF0683-74A4-4899-AD13-1F1A9A1F4030}.Release|x86.Build.0 = Release|Win32
		{06F3908C-1D7A-45B0-A4B4-306E76D96DBB}.Debug|x64.ActiveCfg = Debug|x64
		{06F3908C-1D7A-45B0-A4B4-306E76D96DBB}.Debug|x64.Build.0 = Debug|x64
		{06F3908C-1D7A-45B0-A4B4-306E76D96DBB}.Debug|x86.ActiveCfg = Debug|Win32
		{06F3908C-1D7A-45B0-A4B4-306E76D96DBB}.Debug|x86.Build.0 = Debug|Win32
		{06F3908C-1D7A-45B0-A4B4-306E76D96DBB}.Release|x64.ActiveCfg = Release|x64
		{06F3908C-1D7A-45B0-A4B4-306E76D96DBB}.Release|x64.Build.0 = Release|x64
		{06F3908C-1D7A-45B0-A4B4-306E76D96DBB}.Release|x86.ActiveCfg = Release|Win32
		{06F3908C-1D7A-45B0-A4B4-306E76D96DBB}.Release|x86.Build.0 = Release|Win32
		{FF734B1A-D92C-478C-AD7E-46FB3BA6DBF5}.Debug|x64.ActiveCfg = Debug|x64
		{FF734B1A-D92C-478C-AD7E-46FB3BA6DBF5}.Debug|x64.Build.0 = Debug|x64
		{FF734B1A-D92C-478C-AD7E-46FB3BA6DBF5}.Debug|x86.ActiveCfg = Debug|Win32
		{FF734B1A-D92C-478C-AD7E-46FB3BA6DBF5}.Debug|x86.Build.0 = Debug|Win32
		{FF734B1A-D92C-478C-AD7E-46FB3BA6DBF5}.Release|x64.ActiveCfg = Release|x64
		{FF734B1A-D92C-478C-AD7E-46FB3BA6DBF5}.Release|x64.Build.0 = Release|x64
		{FF734B1A-D92C-478C-AD7E-46FB3BA6DBF5}.Release|x86.ActiveCfg = Release|Win32
		{FF734B1A-D92C-478C-AD7E-46FB3BA6DBF5}.Release|x86.Build.0 = Release|Win32
		{70EC26A3-022E-49FE-8A59-C421D0F00BE7}.Debug|x64.ActiveCfg = Debug|x64
		{70EC26A3-022E-49FE-8A59-C421D0F00BE7}.Debug|x64.Build.0 = Debug|x64
		{70EC26A3-022E-49FE-8A59-C421D0F00BE7}.Debug|x86.ActiveCfg = Debug|Win32
		{70EC26A3-022E-49FE-8A59-C421D0F00BE7}.Debug|x86.Build.0 = Debug|Win32
		{70EC26A3-022E-49FE-8A59-C421D0F00BE7}.Release|x64.ActiveCfg = Release|x64
		{70EC26A3-022E-49FE-8A59-C421D0F00BE7}.Release|x64.Build.0 = Release|x64
		{70EC26A3-022E-49FE-8A59-C421D0F00BE7}.Release|x86.ActiveCfg = Release|Win32
		{70EC26A3-022E-49FE-8A59-C421D0F00BE7}.Release|x86.Build.0 = Release|Win32
		{D721F4FA-EB5D-481C-8AB7-0AE849D2695A}.Debug|x64.ActiveCfg = Debug|x64
		{D721F4FA-EB5D-481C-8AB7-0AE849D2695A}.Debug|x64.Build.0 = Debug|x64
		{D721F4FA-EB5D-481C-8AB7-0AE849D2695A}.Debug|x86.ActiveCfg = Debug|Win32
		{D721F4FA-EB5D-481C-8AB7-0AE849D2695A}.Debug|x86.Build.0 = Debug|Win32
		{D721F4FA-EB5D-481C-8AB7-0AE849D2695A}.Release|x64.ActiveCfg = Release|x64
		{D721F4FA-EB5D-481C-8AB7-0AE849D2695A}.Release|x64.Build.0 = Release|x64
		{D721F4FA-EB5D-481C-8AB7-0AE849D2695A}.Release|x86.ActiveCfg = Release|Win32
		{D721F4FA-EB5D-481C-8AB7-0AE849D2695A}.Release|x86.Build.0 = Release|Win32
		{E8E57D57-4340-4761-BAC6-6D6E5DA6D3DD}.Debug|x64.ActiveCfg = Debug|x64
		{E8E57D57-4340-4761-BAC6-6D6E5DA6D3DD}.Debug|x64.Build.0 = Debug|x64
		{E8E57D57-4340-4761-BAC6-6D6E5DA6D3DD}.Debug|x86.ActiveCfg = Debug|Win32
		{E8E57D57-4340-4761-BAC6-6D6E5DA6D3DD}.Debug|x86.Build.0 = Debug|Win32
		{E8E57D57-4340-4761-BAC6-6D6E5DA6D3DD}.Release|x64.ActiveCfg = Release|x64
		{E8E57D57-4340-4761-BAC6-6D6E5DA6D3DD}.Release|x64.Build.0 = Release|x64
		{E8E57D57-4340-4761-BAC6-6D6E5DA6D3DD}.Release|x86.ActiveCfg = Release|Win32
		{E8E57D57-4340-4761-BAC6-6D6E5DA6D3DD}.Release|x86.Build.0 = Release|Win32
		{4966818F-433C-4460-9406-73D1FF372F8B}.Debug|x64.ActiveCfg = Debug|x64
		{4966818F-433C-4460-9406-73D1FF372F8B}.Debug|x64.Build.0 = Debug|x64
		{4966818F-433C-4460-9406-73D1FF372F8B}.Debug|x86.ActiveCfg = Debug|Win32
		{4966818F-433C-4460-9406-73D1FF372F8B}.Debug|x86.Build.0 = Debug|Win32
		{4966818F-433C-4460-9406-73D1FF372F8B}.Release|x64.ActiveCfg = Release|x64
		{4966818F-433C-4460-9406-73D1FF372F8B}.Release|x64.Build.0 = Release|x64
		{4966818F-433C-4460-9406-73D1FF372F8B}.Release|x86.ActiveCfg = Release|Win32
		{4966818F-433C-4460-9406-73D1FF372F8B}.Release|x86.Build.0 = Release|Win32
		{11A72657-1639-4579-BC36-24D1DAB37297}.Debug|x64.ActiveCfg = Debug|x64
		{11A72657-1639-4579-BC36-24D1DAB37297}.Debug|x64.Build.0 = Debug|x64
		{11A72657-1639-4579-BC36-24D1DAB37297}.Debug|x86.ActiveCfg = Debug|Win32
		{11A72657-1639-4579-BC36-24D1DAB37297}.Debug|x86.Build.0 = Debug|Win32
		{11A72657-1639-4579-BC36-24D1DAB37297}.Release|x64.ActiveCfg = Release|x64
		{11A72657-1639-4579-BC36-24D1DAB37297}.Release|x64.Build.0 = Release|x64
		{11A72657-1639-4579-BC36-24D1DAB37297}.Release|x86.ActiveCfg = Release|Win32
		{11A72657-1639-4579-BC36-24D1DAB37297}.Release|x86.Build.0 = Release|Win32
		{36F65065-E024-494B-AF38-CDFD139E900D}.Debug|x64.ActiveCfg = Debug|x64
		{36F65065-E024-494B-AF38-CDFD139E900D}.Debug|x64.Build.0 = Debug|x64
		{36F65065-E024-494B-AF38-CDFD139E900D}.Debug|x86.ActiveCfg = Debug|Win32
		{36F65065-E024-494B-AF38-CDFD139E900D}.Debug|x86.Build.0 = Debug|Win32
		{36F65065-E024-494B-AF38-CDFD139E900D}.Release|x64.ActiveCfg = Release|x64
		{36F65065-E024-494B-AF38-CDFD139E900D}.Release|x64.Build.0 = Release|x64
		{36F65065-E024-494B-AF38-CDFD139E900D}.Release|x86.ActiveCfg = Release|Win32
		{36F65065-E024-494B-AF38-CDFD139E900D}.Release|x86.Build.0 = Release|Win32
		{B0268DC7-B5D2-4ADE-9E2F-D3A05100580A}.Debug|x64.ActiveCfg = Debug|x64
		{B0268DC7-B5D2-4ADE-9E2F-D3A05100580A}.Debug|x64.Build.0 = Debug|x64
		{B0268DC7-B5D2-4ADE-9E2F-D3A05100580A}.Debug|x86.ActiveCfg = Debug|Win32
		{B0268DC7-B5D2-4ADE-9E2F-D3A05100580A}.Debug|x86.Build.0 = Debug|Win32
		{B0268DC7-B5D2-4ADE-9E2F-D3A05100580A}.Release|x64.ActiveCfg = Release|x64
		{B0268DC7-B5D2-4ADE-9E2F-D3A05100580A}.Release|x64.Build.0 = Release|x64
		{B0268DC7-B5D2-4ADE-9E2F-D3A05100580A}.Release|x86.ActiveCfg = Release|Win32
		{B0268DC7-B5D2-4ADE-9E2F-D3A05100580A}.Release|x86.Build.0 = Release|Win32
		{B290C133-D145-4457-B49E-F94DBB989694}.Debug|x64.ActiveCfg = Debug|x64
		{B290C133-D145-4457-B49E-F94DBB989694}.Debug|x64.Build.0 = Debug|x64
		{B290C133-D145-4457-B49E-F94DBB989694}.Debug|x86.ActiveCfg = Debug|Win32
		{B290C133-D145-4457-B49E-F94DBB989694}.Debug|x86.Build.0 = Debug|Win32
		{B290C133-D145-4457-B49E-F94DBB989694}.Release|x64.ActiveCfg = Release|x64
		{B290C133-D145-4457-B49E-F94DBB989694}.Release|x64.Build.0 = Release|x64
		{B290C133-D145-4457-B49E-F94DBB989694}.Release|x86.ActiveCfg = Release|Win32
		{B290C133-D145-4457-B49E-F94DBB989694}.Release|x86.Build.0 = Release|Win32
		{C5B79AD1-9565-4F07-94B5-D9BC92F8D6DA}.Debug|x64.ActiveCfg = Debug|x64
		{C5B79AD1-9565-4F07-94B5-D9BC92F8D6DA}.Debug|x64.Build.0 = Debug|x64
		{C5B79AD1-9565-4F07-94B5-D9BC92F8D6DA}.Debug|x86.ActiveCfg = Debug|Win32
		{C5B79AD1-9565-4F07-94B5-D9BC92F8D6DA}.Debug|x86.Build.0 = Debug|Win32
		{C5B79AD1-9565-4F07-94B5-D9BC92F8D6DA}.Release|x64.ActiveCfg = Release|x64
		{C5B79AD1-9565-4F07-94B5-D9BC92F8D6DA}.Release|x64.Build.0 = Release|x64
		{C5B79AD1-9565-4F07-94B5-D9BC92F8D6DA}.Release|x86.ActiveCfg = Release|Win32
		{C5B79AD1-9565-4F07-94B5-D9BC92F8D6DA}.Release|x86.Build.0 = Release|Win32
		{F2EF42FC-EC24-4884-9A08-2338B2660E65}.Debug|x64.ActiveCfg = Debug|x64
		{F2EF42FC-EC24-4884-9A08-2338B2660E65}.Debug|x64.Build.0 = Debug|x64
		{F2EF42FC-EC24-4884-9A08-2338B2660E65}.Debug|x86.ActiveCfg = Debug|Win32
		{F2EF42FC-EC24-4884-9A08-2338B2660E65}.Debug|x86.Build.0 = Debug|Win32
		{F2EF42FC-EC24-4884-9A08-2338B2660E65}.Release|x64.ActiveCfg = Release|x64
		{F2EF42FC-EC24-4884-9A08-2338B2660E65}.Release|x64.Build.0 = Release|x64
		{F2EF42FC-EC24-4884-9A08-2338B2660E65}.Release|x86.ActiveCfg = Release|Win32
		{F2EF42FC-EC24-4884-9A08-2338B2660E65}.Release|x86.Build.0 = Release|Win32
	EndGlobalSection
	GlobalSection(SolutionProperties) = preSolution
		HideSolutionNode = FALSE
	EndGlobalSection
	GlobalSection(ExtensibilityGlobals) = postSolution
		SolutionGuid = {75DC0958-30EB-46A8-96A0-CA275F247263}
	EndGlobalSection
EndGlobal
